github.com/995933447/confloader v0.0.0-20230314141707-e7b191386ae2 h1:lElTU+vnP6+DR9W6kGbnHXL45zJsXFsWtvYt6bForCA=
github.com/995933447/confloader v0.0.0-20230314141707-e7b191386ae2/go.mod h1:52j1FekZ42S3gc7Fy8A54Mr0H5MVbEbRLo8rG/HRY5U=
github.com/995933447/log-go v0.0.0-20230220024118-739e76c12ead h1:afgSa5KtI8+4fJZC1qN5Q4Rfn/JW4G+WW6ZU41BFq0U=
github.com/995933447/log-go v0.0.0-20230220024118-739e76c12ead/go.mod h1:8nYLjLQ598TrCziO2tAADhEFlNxySV+9phaQBzCaSZo=
github.com/995933447/simpletrace v0.0.0-20230217061256-c25a914bd376 h1:hIHav2TTYiAGn87d9CGiuuty5cT/YBOb5Uxs52FoDgs=
github.com/995933447/simpletrace v0.0.0-20230217061256-c25a914bd376/go.mod h1:Kh2+nE3eCIOSIwSo8Sxj/MbWt1KPMJJz+9SHptuYr6s=
github.com/995933447/std-go v0.0.0-20220806175833-ab3496c0b696 h1:GzBuvejakMWMZ6QWpbpcFmJb9WYrZ++yOrm/IEap+hw=
github.com/995933447/std-go v0.0.0-20220806175833-ab3496c0b696/go.mod h1:Y48pg+Gwti1Ck6BZSCm/+UHmtzC4A1pARw6UdFMpNaI=
github.com/995933447/stringhelper-go v0.0.0-20221220072216-628db3bc29d8 h1:q37SO0GTj/dk35jov187h3CACffZle6KjVzgGOrLkBM=
github.com/995933447/stringhelper-go v0.0.0-20221220072216-628db3bc29d8/go.mod h1:cwkwj1/zndmaLbRYgQqy6qwY/ITAiEMdR+1BGssgXik=
github.com/BurntSushi/toml v1.2.1 h1:9F2/+DoOYIOksmaJFPw1tGFy1eDnIJXg+UHjuD8lTak=
github.com/BurntSushi/toml v1.2.1/go.mod h1:CxXYINrC8qIiEnFrOxCa7Jy5BFHlXnUU2pbicEuybxQ=
github.com/fsnotify/fsnotify v1.6.0 h1:n+5WquG0fcWoWp6xPWfHdbskMCQaFnG6PfBrh1Ky4HY=
github.com/fsnotify/fsnotify v1.6.0/go.mod h1:sl3t1tCWJFWoRz9R8WJCbQihKKwmorjAbSClcnxKAGw=
github.com/golang/snappy v0.0.4 h1:yAGX7huGHXlcLOEtBnF4w7FQwA26wojNCwOYAEhLjQM=
github.com/golang/snappy v0.0.4/go.mod h1:/XxbfmMg8lxefKM7IXC3fBNl/7bRcc72aCRzEWrmP2Q=
golang.org/x/sys v0.0.0-20220908164124-27713097b956 h1:XeJjHH1KiLpKGb6lvMiksZ9l0fVUh+AmGcm0nOMEBOY=
golang.org/x/sys v0.0.0-20220908164124-27713097b956/go.mod h1:oPkhp1MJrh7nUepCBck5+mAzfO9JrbApNNgaTdGDITg=
gopkg.in/mgo.v2 v2.0.0-20190816093944-a6b53ec6cb22/go.mod h1:yeKp02qBN3iKW1OzL3MGk2IdtZzaj7SFntXj72NppTA=
